
Microsoft Visual Studio Solution File, Format Version 11.00
# Visual Studio 2010
Project("{FAE04EC0-301F-11D3-BF4B-00C04F79EFBC}") = "DuckHunt", "DuckHunt\DuckHunt\DuckHunt.csproj", "{44075F9C-50BD-4390-B6E7-D88B86C9EAC8}"
EndProject
Project("{96E2B04D-8817-42C6-938A-82C39BA4D311}") = "DuckHuntContent", "DuckHunt\DuckHuntContent\DuckHuntContent.contentproj", "{7AFE4A86-43EE-4753-9C59-6CD7F0F5C722}"
EndProject
Global
	GlobalSection(SolutionConfigurationPlatforms) = preSolution
		Debug|x86 = Debug|x86
		Release|x86 = Release|x86
	EndGlobalSection
	GlobalSection(ProjectConfigurationPlatforms) = postSolution
		{44075F9C-50BD-4390-B6E7-D88B86C9EAC8}.Debug|x86.ActiveCfg = Debug|x86
		{44075F9C-50BD-4390-B6E7-D88B86C9EAC8}.Debug|x86.Build.0 = Debug|x86
		{44075F9C-50BD-4390-B6E7-D88B86C9EAC8}.Release|x86.ActiveCfg = Release|x86
		{44075F9C-50BD-4390-B6E7-D88B86C9EAC8}.Release|x86.Build.0 = Release|x86
		{7AFE4A86-43EE-4753-9C59-6CD7F0F5C722}.Debug|x86.ActiveCfg = Debug|x86
		{7AFE4A86-43EE-4753-9C59-6CD7F0F5C722}.Release|x86.ActiveCfg = Release|x86
	EndGlobalSection
	GlobalSection(SolutionProperties) = preSolution
		HideSolutionNode = FALSE
	EndGlobalSection
EndGlobal
